
Microsoft Visual Studio Solution File, Format Version 12.00
# Visual Studio Version 16
VisualStudioVersion = 16.0.31321.278
MinimumVisualStudioVersion = 10.0.40219.1
Project("{FAE04EC0-301F-11D3-BF4B-00C04F79EFBC}") = "Hotel_Booking_Management", "Hotel_Booking_Management\Hotel_Booking_Management.csproj", "{F891A976-ECDC-4903-9D35-19E1BC4FF10D}"
EndProject
Global
	GlobalSection(SolutionConfigurationPlatforms) = preSolution
		Debug|Any CPU = Debug|Any CPU
		Release|Any CPU = Release|Any CPU
	EndGlobalSection
	GlobalSection(ProjectConfigurationPlatforms) = postSolution
		{F891A976-ECDC-4903-9D35-19E1BC4FF10D}.Debug|Any CPU.ActiveCfg = Debug|Any CPU
		{F891A976-ECDC-4903-9D35-19E1BC4FF10D}.Debug|Any CPU.Build.0 = Debug|Any CPU
		{F891A976-ECDC-4903-9D35-19E1BC4FF10D}.Release|Any CPU.ActiveCfg = Release|Any CPU
		{F891A976-ECDC-4903-9D35-19E1BC4FF10D}.Release|Any CPU.Build.0 = Release|Any CPU
	EndGlobalSection
	GlobalSection(SolutionProperties) = preSolution
		HideSolutionNode = FALSE
	EndGlobalSection
	GlobalSection(ExtensibilityGlobals) = postSolution
		SolutionGuid = {392A2A9C-74BD-4B0C-A1B1-EC3CFD76F8BB}
	EndGlobalSection
EndGlobal
